
Microsoft Visual Studio Solution File, Format Version 12.00
# Visual Studio 2013
VisualStudioVersion = 12.0.31101.0
MinimumVisualStudioVersion = 10.0.40219.1
Project("{FAE04EC0-301F-11D3-BF4B-00C04F79EFBC}") = "ReferenceChecker", "ReferenceChecker\ReferenceChecker.csproj", "{3118378C-09D0-4ED2-8E0B-878F0BD48895}"
EndProject
Project("{FAE04EC0-301F-11D3-BF4B-00C04F79EFBC}") = "ReferenceChecker_UnitTests", "ReferenceChecker\ReferenceChecker_UnitTests\ReferenceChecker_UnitTests.csproj", "{B039D961-FFF6-48E7-86EF-233ECEFB7172}"
EndProject
Project("{2150E333-8FDC-42A3-9474-1A3956D46DE8}") = "Solution Items", "Solution Items", "{92644681-5496-42FE-BB81-B7C71D20E57A}"
	ProjectSection(SolutionItems) = preProject
		UnitTests.testsettings = UnitTests.testsettings
	EndProjectSection
EndProject
Global
	GlobalSection(SolutionConfigurationPlatforms) = preSolution
		Debug|Any CPU = Debug|Any CPU
		Release|Any CPU = Release|Any CPU
	EndGlobalSection
	GlobalSection(ProjectConfigurationPlatforms) = postSolution
		{3118378C-09D0-4ED2-8E0B-878F0BD48895}.Debug|Any CPU.ActiveCfg = Debug|Any CPU
		{3118378C-09D0-4ED2-8E0B-878F0BD48895}.Debug|Any CPU.Build.0 = Debug|Any CPU
		{3118378C-09D0-4ED2-8E0B-878F0BD48895}.Release|Any CPU.ActiveCfg = Release|Any CPU
		{3118378C-09D0-4ED2-8E0B-878F0BD48895}.Release|Any CPU.Build.0 = Release|Any CPU
		{B039D961-FFF6-48E7-86EF-233ECEFB7172}.Debug|Any CPU.ActiveCfg = Debug|Any CPU
		{B039D961-FFF6-48E7-86EF-233ECEFB7172}.Debug|Any CPU.Build.0 = Debug|Any CPU
		{B039D961-FFF6-48E7-86EF-233ECEFB7172}.Release|Any CPU.ActiveCfg = Release|Any CPU
		{B039D961-FFF6-48E7-86EF-233ECEFB7172}.Release|Any CPU.Build.0 = Release|Any CPU
	EndGlobalSection
	GlobalSection(SolutionProperties) = preSolution
		HideSolutionNode = FALSE
	EndGlobalSection
EndGlobal
